// !$*UTF8*$!
{
	archiveVersion = 1;
	classes = {
	};
	objectVersion = 46;
	objects = {

/* Begin PBXBuildFile section */
		386E9D341BBD6A0600ED8C27 /* Content.plist in Resources */ = {isa = PBXBuildFile; fileRef = 386E9D2C1BBD6A0600ED8C27 /* Content.plist */; };
		386E9D361BBD6A0600ED8C27 /* view.m in Sources */ = {isa = PBXBuildFile; fileRef = 386E9D301BBD6A0600ED8C27 /* view.m */; };
		386E9D381BBD74E200ED8C27 /* Content.json in Resources */ = {isa = PBXBuildFile; fileRef = 386E9D371BBD74E200ED8C27 /* Content.json */; };
		38BC5AF31BB986B400382EB9 /* AppDelegate.swift in Sources */ = {isa = PBXBuildFile; fileRef = 38BC5AF21BB986B400382EB9 /* AppDelegate.swift */; };
		38BC5AF51BB986B400382EB9 /* ViewController.swift in Sources */ = {isa = PBXBuildFile; fileRef = 38BC5AF41BB986B400382EB9 /* ViewController.swift */; };
		38BC5AF81BB986B400382EB9 /* Main.storyboard in Resources */ = {isa = PBXBuildFile; fileRef = 38BC5AF61BB986B400382EB9 /* Main.storyboard */; };
		38BC5AFA1BB986B400382EB9 /* Images.xcassets in Resources */ = {isa = PBXBuildFile; fileRef = 38BC5AF91BB986B400382EB9 /* Images.xcassets */; };
		38BC5AFD1BB986B400382EB9 /* LaunchScreen.xib in Resources */ = {isa = PBXBuildFile; fileRef = 38BC5AFB1BB986B400382EB9 /* LaunchScreen.xib */; };
		38BC5B091BB986B400382EB9 /* LocationsTests.swift in Sources */ = {isa = PBXBuildFile; fileRef = 38BC5B081BB986B400382EB9 /* LocationsTests.swift */; };
		38BC5B131BB9878B00382EB9 /* JSON.swift in Sources */ = {isa = PBXBuildFile; fileRef = 38BC5B121BB9878B00382EB9 /* JSON.swift */; };
		38BC5B151BB9887B00382EB9 /* VCMapView.swift in Sources */ = {isa = PBXBuildFile; fileRef = 38BC5B141BB9887B00382EB9 /* VCMapView.swift */; };
		38EE64421BBC84AE00F29FE9 /* TDPS.swift in Sources */ = {isa = PBXBuildFile; fileRef = 38EE64411BBC84AE00F29FE9 /* TDPS.swift */; };
/* End PBXBuildFile section */

/* Begin PBXContainerItemProxy section */
		38BC5B031BB986B400382EB9 /* PBXContainerItemProxy */ = {
			isa = PBXContainerItemProxy;
			containerPortal = 38BC5AE51BB986B400382EB9 /* Project object */;
			proxyType = 1;
			remoteGlobalIDString = 38BC5AEC1BB986B400382EB9;
			remoteInfo = Locations;
		};
/* End PBXContainerItemProxy section */

/* Begin PBXFileReference section */
		386E9D2C1BBD6A0600ED8C27 /* Content.plist */ = {isa = PBXFileReference; fileEncoding = 4; lastKnownFileType = text.plist.xml; path = Content.plist; sourceTree = "<group>"; };
		386E9D2F1BBD6A0600ED8C27 /* view.h */ = {isa = PBXFileReference; fileEncoding = 4; lastKnownFileType = sourcecode.c.h; path = view.h; sourceTree = "<group>"; };
		386E9D301BBD6A0600ED8C27 /* view.m */ = {isa = PBXFileReference; fileEncoding = 4; lastKnownFileType = sourcecode.c.objc; path = view.m; sourceTree = "<group>"; };
		386E9D371BBD74E200ED8C27 /* Content.json */ = {isa = PBXFileReference; fileEncoding = 4; lastKnownFileType = text.json; path = Content.json; sourceTree = "<group>"; };
		38BC5AED1BB986B400382EB9 /* Locations.app */ = {isa = PBXFileReference; explicitFileType = wrapper.application; includeInIndex = 0; path = Locations.app; sourceTree = BUILT_PRODUCTS_DIR; };
		38BC5AF11BB986B400382EB9 /* Info.plist */ = {isa = PBXFileReference; lastKnownFileType = text.plist.xml; path = Info.plist; sourceTree = "<group>"; };
		38BC5AF21BB986B400382EB9 /* AppDelegate.swift */ = {isa = PBXFileReference; lastKnownFileType = sourcecode.swift; path = AppDelegate.swift; sourceTree = "<group>"; };
		38BC5AF41BB986B400382EB9 /* ViewController.swift */ = {isa = PBXFileReference; lastKnownFileType = sourcecode.swift; path = ViewController.swift; sourceTree = "<group>"; };
		38BC5AF71BB986B400382EB9 /* Base */ = {isa = PBXFileReference; lastKnownFileType = file.storyboard; name = Base; path = Base.lproj/Main.storyboard; sourceTree = "<group>"; };
		38BC5AF91BB986B400382EB9 /* Images.xcassets */ = {isa = PBXFileReference; lastKnownFileType = folder.assetcatalog; path = Images.xcassets; sourceTree = "<group>"; };
		38BC5AFC1BB986B400382EB9 /* Base */ = {isa = PBXFileReference; lastKnownFileType = file.xib; name = Base; path = Base.lproj/LaunchScreen.xib; sourceTree = "<group>"; };
		38BC5B021BB986B400382EB9 /* LocationsTests.xctest */ = {isa = PBXFileReference; explicitFileType = wrapper.cfbundle; includeInIndex = 0; path = LocationsTests.xctest; sourceTree = BUILT_PRODUCTS_DIR; };
		38BC5B071BB986B400382EB9 /* Info.plist */ = {isa = PBXFileReference; lastKnownFileType = text.plist.xml; path = Info.plist; sourceTree = "<group>"; };
		38BC5B081BB986B400382EB9 /* LocationsTests.swift */ = {isa = PBXFileReference; lastKnownFileType = sourcecode.swift; path = LocationsTests.swift; sourceTree = "<group>"; };
		38BC5B121BB9878B00382EB9 /* JSON.swift */ = {isa = PBXFileReference; fileEncoding = 4; lastKnownFileType = sourcecode.swift; path = JSON.swift; sourceTree = "<group>"; };
		38BC5B141BB9887B00382EB9 /* VCMapView.swift */ = {isa = PBXFileReference; fileEncoding = 4; lastKnownFileType = sourcecode.swift; path = VCMapView.swift; sourceTree = "<group>"; };
		38EE64411BBC84AE00F29FE9 /* TDPS.swift */ = {isa = PBXFileReference; fileEncoding = 4; lastKnownFileType = sourcecode.swift; path = TDPS.swift; sourceTree = "<group>"; };
/* End PBXFileReference section */

/* Begin PBXFrameworksBuildPhase section */
		38BC5AEA1BB986B400382EB9 /* Frameworks */ = {
			isa = PBXFrameworksBuildPhase;
			buildActionMask = 2147483647;
			files = (
			);
			runOnlyForDeploymentPostprocessing = 0;
		};
		38BC5AFF1BB986B400382EB9 /* Frameworks */ = {
			isa = PBXFrameworksBuildPhase;
			buildActionMask = 2147483647;
			files = (
			);
			runOnlyForDeploymentPostprocessing = 0;
		};
/* End PBXFrameworksBuildPhase section */

/* Begin PBXGroup section */
		386E9D271BBD69E200ED8C27 /* JSON */ = {
			isa = PBXGroup;
			children = (
				386E9D371BBD74E200ED8C27 /* Content.json */,
				386E9D2C1BBD6A0600ED8C27 /* Content.plist */,
				386E9D2F1BBD6A0600ED8C27 /* view.h */,
				386E9D301BBD6A0600ED8C27 /* view.m */,
			);
			name = JSON;
			sourceTree = "<group>";
		};
		38BC5AE41BB986B400382EB9 = {
			isa = PBXGroup;
			children = (
				38BC5AEF1BB986B400382EB9 /* Locations */,
				38BC5B051BB986B400382EB9 /* LocationsTests */,
				38BC5AEE1BB986B400382EB9 /* Products */,
			);
			sourceTree = "<group>";
		};
		38BC5AEE1BB986B400382EB9 /* Products */ = {
			isa = PBXGroup;
			children = (
				38BC5AED1BB986B400382EB9 /* Locations.app */,
				38BC5B021BB986B400382EB9 /* LocationsTests.xctest */,
			);
			name = Products;
			sourceTree = "<group>";
		};
		38BC5AEF1BB986B400382EB9 /* Locations */ = {
			isa = PBXGroup;
			children = (
				38BC5AF21BB986B400382EB9 /* AppDelegate.swift */,
				38BC5B121BB9878B00382EB9 /* JSON.swift */,
				38BC5AF41BB986B400382EB9 /* ViewController.swift */,
				38BC5B141BB9887B00382EB9 /* VCMapView.swift */,
				38EE64411BBC84AE00F29FE9 /* TDPS.swift */,
				38BC5AF61BB986B400382EB9 /* Main.storyboard */,
				38BC5AF91BB986B400382EB9 /* Images.xcassets */,
				38BC5AFB1BB986B400382EB9 /* LaunchScreen.xib */,
				38BC5AF01BB986B400382EB9 /* Supporting Files */,
			);
			path = Locations;
			sourceTree = "<group>";
		};
		38BC5AF01BB986B400382EB9 /* Supporting Files */ = {
			isa = PBXGroup;
			children = (
				386E9D271BBD69E200ED8C27 /* JSON */,
				38BC5AF11BB986B400382EB9 /* Info.plist */,
			);
			name = "Supporting Files";
			sourceTree = "<group>";
		};
		38BC5B051BB986B400382EB9 /* LocationsTests */ = {
			isa = PBXGroup;
			children = (
				38BC5B081BB986B400382EB9 /* LocationsTests.swift */,
				38BC5B061BB986B400382EB9 /* Supporting Files */,
			);
			path = LocationsTests;
			sourceTree = "<group>";
		};
		38BC5B061BB986B400382EB9 /* Supporting Files */ = {
			isa = PBXGroup;
			children = (
				38BC5B071BB986B400382EB9 /* Info.plist */,
			);
			name = "Supporting Files";
			sourceTree = "<group>";
		};
/* End PBXGroup section */

/* Begin PBXNativeTarget section */
		38BC5AEC1BB986B400382EB9 /* Locations */ = {
			isa = PBXNativeTarget;
			buildConfigurationList = 38BC5B0C1BB986B400382EB9 /* Build configuration list for PBXNativeTarget "Locations" */;
			buildPhases = (
				38BC5AE91BB986B400382EB9 /* Sources */,
				38BC5AEA1BB986B400382EB9 /* Frameworks */,
				38BC5AEB1BB986B400382EB9 /* Resources */,
			);
			buildRules = (
			);
			dependencies = (
			);
			name = Locations;
			productName = Locations;
			productReference = 38BC5AED1BB986B400382EB9 /* Locations.app */;
			productType = "com.apple.product-type.application";
		};
		38BC5B011BB986B400382EB9 /* LocationsTests */ = {
			isa = PBXNativeTarget;
			buildConfigurationList = 38BC5B0F1BB986B400382EB9 /* Build configuration list for PBXNativeTarget "LocationsTests" */;
			buildPhases = (
				38BC5AFE1BB986B400382EB9 /* Sources */,
				38BC5AFF1BB986B400382EB9 /* Frameworks */,
				38BC5B001BB986B400382EB9 /* Resources */,
			);
			buildRules = (
			);
			dependencies = (
				38BC5B041BB986B400382EB9 /* PBXTargetDependency */,
			);
			name = LocationsTests;
			productName = LocationsTests;
			productReference = 38BC5B021BB986B400382EB9 /* LocationsTests.xctest */;
			productType = "com.apple.product-type.bundle.unit-test";
		};
/* End PBXNativeTarget section */

/* Begin PBXProject section */
		38BC5AE51BB986B400382EB9 /* Project object */ = {
			isa = PBXProject;
			attributes = {
				LastSwiftUpdateCheck = 0700;
				LastUpgradeCheck = 0640;
				ORGANIZATIONNAME = Jim;
				TargetAttributes = {
					38BC5AEC1BB986B400382EB9 = {
						CreatedOnToolsVersion = 6.4;
					};
					38BC5B011BB986B400382EB9 = {
						CreatedOnToolsVersion = 6.4;
						TestTargetID = 38BC5AEC1BB986B400382EB9;
					};
				};
			};
			buildConfigurationList = 38BC5AE81BB986B400382EB9 /* Build configuration list for PBXProject "Locations" */;
			compatibilityVersion = "Xcode 3.2";
			developmentRegion = English;
			hasScannedForEncodings = 0;
			knownRegions = (
				en,
				Base,
			);
			mainGroup = 38BC5AE41BB986B400382EB9;
			productRefGroup = 38BC5AEE1BB986B400382EB9 /* Products */;
			projectDirPath = "";
			projectRoot = "";
			targets = (
				38BC5AEC1BB986B400382EB9 /* Locations */,
				38BC5B011BB986B400382EB9 /* LocationsTests */,
			);
		};
/* End PBXProject section */

/* Begin PBXResourcesBuildPhase section */
		38BC5AEB1BB986B400382EB9 /* Resources */ = {
			isa = PBXResourcesBuildPhase;
			buildActionMask = 2147483647;
			files = (
				386E9D381BBD74E200ED8C27 /* Content.json in Resources */,
				38BC5AF81BB986B400382EB9 /* Main.storyboard in Resources */,
				386E9D341BBD6A0600ED8C27 /* Content.plist in Resources */,
				38BC5AFD1BB986B400382EB9 /* LaunchScreen.xib in Resources */,
				38BC5AFA1BB986B400382EB9 /* Images.xcassets in Resources */,
			);
			runOnlyForDeploymentPostprocessing = 0;
		};
		38BC5B001BB986B400382EB9 /* Resources */ = {
			isa = PBXResourcesBuildPhase;
			buildActionMask = 2147483647;
			files = (
			);
			runOnlyForDeploymentPostprocessing = 0;
		};
/* End PBXResourcesBuildPhase section */

/* Begin PBXSourcesBuildPhase section */
		38BC5AE91BB986B400382EB9 /* Sources */ = {
			isa = PBXSourcesBuildPhase;
			buildActionMask = 2147483647;
			files = (
				38EE64421BBC84AE00F29FE9 /* TDPS.swift in Sources */,
				38BC5B151BB9887B00382EB9 /* VCMapView.swift in Sources */,
				38BC5B131BB9878B00382EB9 /* JSON.swift in Sources */,
				38BC5AF51BB986B400382EB9 /* ViewController.swift in Sources */,
				386E9D361BBD6A0600ED8C27 /* view.m in Sources */,
				38BC5AF31BB986B400382EB9 /* AppDelegate.swift in Sources */,
			);
			runOnlyForDeploymentPostprocessing = 0;
		};
		38BC5AFE1BB986B400382EB9 /* Sources */ = {
			isa = PBXSourcesBuildPhase;
			buildActionMask = 2147483647;
			files = (
				38BC5B091BB986B400382EB9 /* LocationsTests.swift in Sources */,
			);
			runOnlyForDeploymentPostprocessing = 0;
		};
/* End PBXSourcesBuildPhase section */

/* Begin PBXTargetDependency section */
		38BC5B041BB986B400382EB9 /* PBXTargetDependency */ = {
			isa = PBXTargetDependency;
			target = 38BC5AEC1BB986B400382EB9 /* Locations */;
			targetProxy = 38BC5B031BB986B400382EB9 /* PBXContainerItemProxy */;
		};
/* End PBXTargetDependency section */

/* Begin PBXVariantGroup section */
		38BC5AF61BB986B400382EB9 /* Main.storyboard */ = {
			isa = PBXVariantGroup;
			children = (
				38BC5AF71BB986B400382EB9 /* Base */,
			);
			name = Main.storyboard;
			sourceTree = "<group>";
		};
		38BC5AFB1BB986B400382EB9 /* LaunchScreen.xib */ = {
			isa = PBXVariantGroup;
			children = (
				38BC5AFC1BB986B400382EB9 /* Base */,
			);
			name = LaunchScreen.xib;
			sourceTree = "<group>";
		};
/* End PBXVariantGroup section */

/* Begin XCBuildConfiguration section */
		38BC5B0A1BB986B400382EB9 /* Debug */ = {
			isa = XCBuildConfiguration;
			buildSettings = {
				ALWAYS_SEARCH_USER_PATHS = NO;
				CLANG_CXX_LANGUAGE_STANDARD = "gnu++0x";
				CLANG_CXX_LIBRARY = "libc++";
				CLANG_ENABLE_MODULES = YES;
				CLANG_ENABLE_OBJC_ARC = YES;
				CLANG_WARN_BOOL_CONVERSION = YES;
				CLANG_WARN_CONSTANT_CONVERSION = YES;
				CLANG_WARN_DIRECT_OBJC_ISA_USAGE = YES_ERROR;
				CLANG_WARN_EMPTY_BODY = YES;
				CLANG_WARN_ENUM_CONVERSION = YES;
				CLANG_WARN_INT_CONVERSION = YES;
				CLANG_WARN_OBJC_ROOT_CLASS = YES_ERROR;
				CLANG_WARN_UNREACHABLE_CODE = YES;
				CLANG_WARN__DUPLICATE_METHOD_MATCH = YES;
				"CODE_SIGN_IDENTITY[sdk=iphoneos*]" = "iPhone Developer";
				COPY_PHASE_STRIP = NO;
				DEBUG_INFORMATION_FORMAT = "dwarf-with-dsym";
				ENABLE_STRICT_OBJC_MSGSEND = YES;
				GCC_C_LANGUAGE_STANDARD = gnu99;
				GCC_DYNAMIC_NO_PIC = NO;
				GCC_NO_COMMON_BLOCKS = YES;
				GCC_OPTIMIZATION_LEVEL = 0;
				GCC_PREPROCESSOR_DEFINITIONS = (
					"DEBUG=1",
					"$(inherited)",
				);
				GCC_SYMBOLS_PRIVATE_EXTERN = NO;
				GCC_WARN_64_TO_32_BIT_CONVERSION = YES;
				GCC_WARN_ABOUT_RETURN_TYPE = YES_ERROR;
				GCC_WARN_UNDECLARED_SELECTOR = YES;
				GCC_WARN_UNINITIALIZED_AUTOS = YES_AGGRESSIVE;
				GCC_WARN_UNUSED_FUNCTION = YES;
				GCC_WARN_UNUSED_VARIABLE = YES;
				IPHONEOS_DEPLOYMENT_TARGET = 8.0;
				MTL_ENABLE_DEBUG_INFO = YES;
				ONLY_ACTIVE_ARCH = YES;
				SDKROOT = iphoneos;
				SWIFT_OPTIMIZATION_LEVEL = "-Onone";
			};
			name = Debug;
		};
		38BC5B0B1BB986B400382EB9 /* Release */ = {
			isa = XCBuildConfiguration;
			buildSettings = {
				ALWAYS_SEARCH_USER_PATHS = NO;
				CLANG_CXX_LANGUAGE_STANDARD = "gnu++0x";
				CLANG_CXX_LIBRARY = "libc++";
				CLANG_ENABLE_MODULES = YES;
				CLANG_ENABLE_OBJC_ARC = YES;
				CLANG_WARN_BOOL_CONVERSION = YES;
				CLANG_WARN_CONSTANT_CONVERSION = YES;
				CLANG_WARN_DIRECT_OBJC_ISA_USAGE = YES_ERROR;
				CLANG_WARN_EMPTY_BODY = YES;
				CLANG_WARN_ENUM_CONVERSION = YES;
				CLANG_WARN_INT_CONVERSION = YES;
				CLANG_WARN_OBJC_ROOT_CLASS = YES_ERROR;
				CLANG_WARN_UNREACHABLE_CODE = YES;
				CLANG_WARN__DUPLICATE_METHOD_MATCH = YES;
				"CODE_SIGN_IDENTITY[sdk=iphoneos*]" = "iPhone Developer";
				COPY_PHASE_STRIP = NO;
				DEBUG_INFORMATION_FORMAT = "dwarf-with-dsym";
				ENABLE_NS_ASSERTIONS = NO;
				ENABLE_STRICT_OBJC_MSGSEND = YES;
				GCC_C_LANGUAGE_STANDARD = gnu99;
				GCC_NO_COMMON_BLOCKS = YES;
				GCC_WARN_64_TO_32_BIT_CONVERSION = YES;
				GCC_WARN_ABOUT_RETURN_TYPE = YES_ERROR;
				GCC_WARN_UNDECLARED_SELECTOR = YES;
				GCC_WARN_UNINITIALIZED_AUTOS = YES_AGGRESSIVE;
				GCC_WARN_UNUSED_FUNCTION = YES;
				GCC_WARN_UNUSED_VARIABLE = YES;
				IPHONEOS_DEPLOYMENT_TARGET = 8.0;
				MTL_ENABLE_DEBUG_INFO = NO;
				SDKROOT = iphoneos;
				VALIDATE_PRODUCT = YES;
			};
			name = Release;
		};
		38BC5B0D1BB986B400382EB9 /* Debug */ = {
			isa = XCBuildConfiguration;
			buildSettings = {
				ASSETCATALOG_COMPILER_APPICON_NAME = AppIcon;
				INFOPLIST_FILE = Locations/Info.plist;
				LD_RUNPATH_SEARCH_PATHS = "$(inherited) @executable_path/Frameworks";
				PRODUCT_NAME = "$(TARGET_NAME)";
			};
			name = Debug;
		};
		38BC5B0E1BB986B400382EB9 /* Release */ = {
			isa = XCBuildConfiguration;
			buildSettings = {
				ASSETCATALOG_COMPILER_APPICON_NAME = AppIcon;
				INFOPLIST_FILE = Locations/Info.plist;
				LD_RUNPATH_SEARCH_PATHS = "$(inherited) @executable_path/Frameworks";
				PRODUCT_NAME = "$(TARGET_NAME)";
			};
			name = Release;
		};
		38BC5B101BB986B400382EB9 /* Debug */ = {
			isa = XCBuildConfiguration;
			buildSettings = {
				BUNDLE_LOADER = "$(TEST_HOST)";
				FRAMEWORK_SEARCH_PATHS = (
					"$(SDKROOT)/Developer/Library/Frameworks",
					"$(inherited)",
				);
				GCC_PREPROCESSOR_DEFINITIONS = (
					"DEBUG=1",
					"$(inherited)",
				);
				INFOPLIST_FILE = LocationsTests/Info.plist;
				LD_RUNPATH_SEARCH_PATHS = "$(inherited) @executable_path/Frameworks @loader_path/Frameworks";
				PRODUCT_NAME = "$(TARGET_NAME)";
				TEST_HOST = "$(BUILT_PRODUCTS_DIR)/Locations.app/Locations";
			};
			name = Debug;
		};
		38BC5B111BB986B400382EB9 /* Release */ = {
			isa = XCBuildConfiguration;
			buildSettings = {
				BUNDLE_LOADER = "$(TEST_HOST)";
				FRAMEWORK_SEARCH_PATHS = (
					"$(SDKROOT)/Developer/Library/Frameworks",
					"$(inherited)",
				);
				INFOPLIST_FILE = LocationsTests/Info.plist;
				LD_RUNPATH_SEARCH_PATHS = "$(inherited) @executable_path/Frameworks @loader_path/Frameworks";
				PRODUCT_NAME = "$(TARGET_NAME)";
				TEST_HOST = "$(BUILT_PRODUCTS_DIR)/Locations.app/Locations";
			};
			name = Release;
		};
/* End XCBuildConfiguration section */

/* Begin XCConfigurationList section */
		38BC5AE81BB986B400382EB9 /* Build configuration list for PBXProject "Locations" */ = {
			isa = XCConfigurationList;
			buildConfigurations = (
				38BC5B0A1BB986B400382EB9 /* Debug */,
				38BC5B0B1BB986B400382EB9 /* Release */,
			);
			defaultConfigurationIsVisible = 0;
			defaultConfigurationName = Release;
		};
		38BC5B0C1BB986B400382EB9 /* Build configuration list for PBXNativeTarget "Locations" */ = {
			isa = XCConfigurationList;
			buildConfigurations = (
				38BC5B0D1BB986B400382EB9 /* Debug */,
				38BC5B0E1BB986B400382EB9 /* Release */,
			);
			defaultConfigurationIsVisible = 0;
			defaultConfigurationName = Release;
		};
		38BC5B0F1BB986B400382EB9 /* Build configuration list for PBXNativeTarget "LocationsTests" */ = {
			isa = XCConfigurationList;
			buildConfigurations = (
				38BC5B101BB986B400382EB9 /* Debug */,
				38BC5B111BB986B400382EB9 /* Release */,
			);
			defaultConfigurationIsVisible = 0;
			defaultConfigurationName = Release;
		};
/* End XCConfigurationList section */
	};
	rootObject = 38BC5AE51BB986B400382EB9 /* Project object */;
}
